// !$*UTF8*$!
{
	archiveVersion = 1;
	classes = {
	};
	objectVersion = 50;
	objects = {

/* Begin PBXBuildFile section */
		DD48DA22209708B300D63369 /* AppDelegate.swift in Sources */ = {isa = PBXBuildFile; fileRef = DD48DA21209708B300D63369 /* AppDelegate.swift */; };
		DD48DA24209708B300D63369 /* ViewController.swift in Sources */ = {isa = PBXBuildFile; fileRef = DD48DA23209708B300D63369 /* ViewController.swift */; };
		DD48DA27209708B300D63369 /* Main.storyboard in Resources */ = {isa = PBXBuildFile; fileRef = DD48DA25209708B300D63369 /* Main.storyboard */; };
		DD48DA2A209708B300D63369 /* bestsourceofmovies.xcdatamodeld in Sources */ = {isa = PBXBuildFile; fileRef = DD48DA28209708B300D63369 /* bestsourceofmovies.xcdatamodeld */; };
		DD48DA2C209708B500D63369 /* Assets.xcassets in Resources */ = {isa = PBXBuildFile; fileRef = DD48DA2B209708B500D63369 /* Assets.xcassets */; };
		DD48DA2F209708B500D63369 /* LaunchScreen.storyboard in Resources */ = {isa = PBXBuildFile; fileRef = DD48DA2D209708B500D63369 /* LaunchScreen.storyboard */; };
		DD48DA3A209708B500D63369 /* bestsourceofmoviesTests.swift in Sources */ = {isa = PBXBuildFile; fileRef = DD48DA39209708B500D63369 /* bestsourceofmoviesTests.swift */; };
/* End PBXBuildFile section */

/* Begin PBXContainerItemProxy section */
		DD48DA36209708B500D63369 /* PBXContainerItemProxy */ = {
			isa = PBXContainerItemProxy;
			containerPortal = DD48DA16209708B300D63369 /* Project object */;
			proxyType = 1;
			remoteGlobalIDString = DD48DA1D209708B300D63369;
			remoteInfo = bestsourceofmovies;
		};
/* End PBXContainerItemProxy section */

/* Begin PBXFileReference section */
		DD48DA1E209708B300D63369 /* bestsourceofmovies.app */ = {isa = PBXFileReference; explicitFileType = wrapper.application; includeInIndex = 0; path = bestsourceofmovies.app; sourceTree = BUILT_PRODUCTS_DIR; };
		DD48DA21209708B300D63369 /* AppDelegate.swift */ = {isa = PBXFileReference; lastKnownFileType = sourcecode.swift; path = AppDelegate.swift; sourceTree = "<group>"; };
		DD48DA23209708B300D63369 /* ViewController.swift */ = {isa = PBXFileReference; lastKnownFileType = sourcecode.swift; path = ViewController.swift; sourceTree = "<group>"; };
		DD48DA26209708B300D63369 /* Base */ = {isa = PBXFileReference; lastKnownFileType = file.storyboard; name = Base; path = Base.lproj/Main.storyboard; sourceTree = "<group>"; };
		DD48DA29209708B300D63369 /* bestsourceofmovies.xcdatamodel */ = {isa = PBXFileReference; lastKnownFileType = wrapper.xcdatamodel; path = bestsourceofmovies.xcdatamodel; sourceTree = "<group>"; };
		DD48DA2B209708B500D63369 /* Assets.xcassets */ = {isa = PBXFileReference; lastKnownFileType = folder.assetcatalog; path = Assets.xcassets; sourceTree = "<group>"; };
		DD48DA2E209708B500D63369 /* Base */ = {isa = PBXFileReference; lastKnownFileType = file.storyboard; name = Base; path = Base.lproj/LaunchScreen.storyboard; sourceTree = "<group>"; };
		DD48DA30209708B500D63369 /* Info.plist */ = {isa = PBXFileReference; lastKnownFileType = text.plist.xml; path = Info.plist; sourceTree = "<group>"; };
		DD48DA35209708B500D63369 /* bestsourceofmoviesTests.xctest */ = {isa = PBXFileReference; explicitFileType = wrapper.cfbundle; includeInIndex = 0; path = bestsourceofmoviesTests.xctest; sourceTree = BUILT_PRODUCTS_DIR; };
		DD48DA39209708B500D63369 /* bestsourceofmoviesTests.swift */ = {isa = PBXFileReference; lastKnownFileType = sourcecode.swift; path = bestsourceofmoviesTests.swift; sourceTree = "<group>"; };
		DD48DA3B209708B500D63369 /* Info.plist */ = {isa = PBXFileReference; lastKnownFileType = text.plist.xml; path = Info.plist; sourceTree = "<group>"; };
/* End PBXFileReference section */

/* Begin PBXFrameworksBuildPhase section */
		DD48DA1B209708B300D63369 /* Frameworks */ = {
			isa = PBXFrameworksBuildPhase;
			buildActionMask = 2147483647;
			files = (
			);
			runOnlyForDeploymentPostprocessing = 0;
		};
		DD48DA32209708B500D63369 /* Frameworks */ = {
			isa = PBXFrameworksBuildPhase;
			buildActionMask = 2147483647;
			files = (
			);
			runOnlyForDeploymentPostprocessing = 0;
		};
/* End PBXFrameworksBuildPhase section */

/* Begin PBXGroup section */
		DD48DA15209708B300D63369 = {
			isa = PBXGroup;
			children = (
				DD48DA20209708B300D63369 /* bestsourceofmovies */,
				DD48DA38209708B500D63369 /* bestsourceofmoviesTests */,
				DD48DA1F209708B300D63369 /* Products */,
			);
			sourceTree = "<group>";
		};
		DD48DA1F209708B300D63369 /* Products */ = {
			isa = PBXGroup;
			children = (
				DD48DA1E209708B300D63369 /* bestsourceofmovies.app */,
				DD48DA35209708B500D63369 /* bestsourceofmoviesTests.xctest */,
			);
			name = Products;
			sourceTree = "<group>";
		};
		DD48DA20209708B300D63369 /* bestsourceofmovies */ = {
			isa = PBXGroup;
			children = (
				DD48DA21209708B300D63369 /* AppDelegate.swift */,
				DD48DA23209708B300D63369 /* ViewController.swift */,
				DD48DA25209708B300D63369 /* Main.storyboard */,
				DD48DA2B209708B500D63369 /* Assets.xcassets */,
				DD48DA2D209708B500D63369 /* LaunchScreen.storyboard */,
				DD48DA30209708B500D63369 /* Info.plist */,
				DD48DA28209708B300D63369 /* bestsourceofmovies.xcdatamodeld */,
			);
			path = bestsourceofmovies;
			sourceTree = "<group>";
		};
		DD48DA38209708B500D63369 /* bestsourceofmoviesTests */ = {
			isa = PBXGroup;
			children = (
				DD48DA39209708B500D63369 /* bestsourceofmoviesTests.swift */,
				DD48DA3B209708B500D63369 /* Info.plist */,
			);
			path = bestsourceofmoviesTests;
			sourceTree = "<group>";
		};
/* End PBXGroup section */

/* Begin PBXNativeTarget section */
		DD48DA1D209708B300D63369 /* bestsourceofmovies */ = {
			isa = PBXNativeTarget;
			buildConfigurationList = DD48DA3E209708B500D63369 /* Build configuration list for PBXNativeTarget "bestsourceofmovies" */;
			buildPhases = (
				DD48DA1A209708B300D63369 /* Sources */,
				DD48DA1B209708B300D63369 /* Frameworks */,
				DD48DA1C209708B300D63369 /* Resources */,
			);
			buildRules = (
			);
			dependencies = (
			);
			name = bestsourceofmovies;
			productName = bestsourceofmovies;
			productReference = DD48DA1E209708B300D63369 /* bestsourceofmovies.app */;
			productType = "com.apple.product-type.application";
		};
		DD48DA34209708B500D63369 /* bestsourceofmoviesTests */ = {
			isa = PBXNativeTarget;
			buildConfigurationList = DD48DA41209708B500D63369 /* Build configuration list for PBXNativeTarget "bestsourceofmoviesTests" */;
			buildPhases = (
				DD48DA31209708B500D63369 /* Sources */,
				DD48DA32209708B500D63369 /* Frameworks */,
				DD48DA33209708B500D63369 /* Resources */,
			);
			buildRules = (
			);
			dependencies = (
				DD48DA37209708B500D63369 /* PBXTargetDependency */,
			);
			name = bestsourceofmoviesTests;
			productName = bestsourceofmoviesTests;
			productReference = DD48DA35209708B500D63369 /* bestsourceofmoviesTests.xctest */;
			productType = "com.apple.product-type.bundle.unit-test";
		};
/* End PBXNativeTarget section */

/* Begin PBXProject section */
		DD48DA16209708B300D63369 /* Project object */ = {
			isa = PBXProject;
			attributes = {
				LastSwiftUpdateCheck = 0930;
				LastUpgradeCheck = 0930;
				ORGANIZATIONNAME = Vadim;
				TargetAttributes = {
					DD48DA1D209708B300D63369 = {
						CreatedOnToolsVersion = 9.3;
					};
					DD48DA34209708B500D63369 = {
						CreatedOnToolsVersion = 9.3;
						TestTargetID = DD48DA1D209708B300D63369;
					};
				};
			};
			buildConfigurationList = DD48DA19209708B300D63369 /* Build configuration list for PBXProject "bestsourceofmovies" */;
			compatibilityVersion = "Xcode 9.3";
			developmentRegion = en;
			hasScannedForEncodings = 0;
			knownRegions = (
				en,
				Base,
			);
			mainGroup = DD48DA15209708B300D63369;
			productRefGroup = DD48DA1F209708B300D63369 /* Products */;
			projectDirPath = "";
			projectRoot = "";
			targets = (
				DD48DA1D209708B300D63369 /* bestsourceofmovies */,
				DD48DA34209708B500D63369 /* bestsourceofmoviesTests */,
			);
		};
/* End PBXProject section */

/* Begin PBXResourcesBuildPhase section */
		DD48DA1C209708B300D63369 /* Resources */ = {
			isa = PBXResourcesBuildPhase;
			buildActionMask = 2147483647;
			files = (
				DD48DA2F209708B500D63369 /* LaunchScreen.storyboard in Resources */,
				DD48DA2C209708B500D63369 /* Assets.xcassets in Resources */,
				DD48DA27209708B300D63369 /* Main.storyboard in Resources */,
			);
			runOnlyForDeploymentPostprocessing = 0;
		};
		DD48DA33209708B500D63369 /* Resources */ = {
			isa = PBXResourcesBuildPhase;
			buildActionMask = 2147483647;
			files = (
			);
			runOnlyForDeploymentPostprocessing = 0;
		};
/* End PBXResourcesBuildPhase section */

/* Begin PBXSourcesBuildPhase section */
		DD48DA1A209708B300D63369 /* Sources */ = {
			isa = PBXSourcesBuildPhase;
			buildActionMask = 2147483647;
			files = (
				DD48DA2A209708B300D63369 /* bestsourceofmovies.xcdatamodeld in Sources */,
				DD48DA24209708B300D63369 /* ViewController.swift in Sources */,
				DD48DA22209708B300D63369 /* AppDelegate.swift in Sources */,
			);
			runOnlyForDeploymentPostprocessing = 0;
		};
		DD48DA31209708B500D63369 /* Sources */ = {
			isa = PBXSourcesBuildPhase;
			buildActionMask = 2147483647;
			files = (
				DD48DA3A209708B500D63369 /* bestsourceofmoviesTests.swift in Sources */,
			);
			runOnlyForDeploymentPostprocessing = 0;
		};
/* End PBXSourcesBuildPhase section */

/* Begin PBXTargetDependency section */
		DD48DA37209708B500D63369 /* PBXTargetDependency */ = {
			isa = PBXTargetDependency;
			target = DD48DA1D209708B300D63369 /* bestsourceofmovies */;
			targetProxy = DD48DA36209708B500D63369 /* PBXContainerItemProxy */;
		};
/* End PBXTargetDependency section */

/* Begin PBXVariantGroup section */
		DD48DA25209708B300D63369 /* Main.storyboard */ = {
			isa = PBXVariantGroup;
			children = (
				DD48DA26209708B300D63369 /* Base */,
			);
			name = Main.storyboard;
			sourceTree = "<group>";
		};
		DD48DA2D209708B500D63369 /* LaunchScreen.storyboard */ = {
			isa = PBXVariantGroup;
			children = (
				DD48DA2E209708B500D63369 /* Base */,
			);
			name = LaunchScreen.storyboard;
			sourceTree = "<group>";
		};
/* End PBXVariantGroup section */

/* Begin XCBuildConfiguration section */
		DD48DA3C209708B500D63369 /* Debug */ = {
			isa = XCBuildConfiguration;
			buildSettings = {
				ALWAYS_SEARCH_USER_PATHS = NO;
				CLANG_ANALYZER_NONNULL = YES;
				CLANG_ANALYZER_NUMBER_OBJECT_CONVERSION = YES_AGGRESSIVE;
				CLANG_CXX_LANGUAGE_STANDARD = "gnu++14";
				CLANG_CXX_LIBRARY = "libc++";
				CLANG_ENABLE_MODULES = YES;
				CLANG_ENABLE_OBJC_ARC = YES;
				CLANG_ENABLE_OBJC_WEAK = YES;
				CLANG_WARN_BLOCK_CAPTURE_AUTORELEASING = YES;
				CLANG_WARN_BOOL_CONVERSION = YES;
				CLANG_WARN_COMMA = YES;
				CLANG_WARN_CONSTANT_CONVERSION = YES;
				CLANG_WARN_DEPRECATED_OBJC_IMPLEMENTATIONS = YES;
				CLANG_WARN_DIRECT_OBJC_ISA_USAGE = YES_ERROR;
				CLANG_WARN_DOCUMENTATION_COMMENTS = YES;
				CLANG_WARN_EMPTY_BODY = YES;
				CLANG_WARN_ENUM_CONVERSION = YES;
				CLANG_WARN_INFINITE_RECURSION = YES;
				CLANG_WARN_INT_CONVERSION = YES;
				CLANG_WARN_NON_LITERAL_NULL_CONVERSION = YES;
				CLANG_WARN_OBJC_IMPLICIT_RETAIN_SELF = YES;
				CLANG_WARN_OBJC_LITERAL_CONVERSION = YES;
				CLANG_WARN_OBJC_ROOT_CLASS = YES_ERROR;
				CLANG_WARN_RANGE_LOOP_ANALYSIS = YES;
				CLANG_WARN_STRICT_PROTOTYPES = YES;
				CLANG_WARN_SUSPICIOUS_MOVE = YES;
				CLANG_WARN_UNGUARDED_AVAILABILITY = YES_AGGRESSIVE;
				CLANG_WARN_UNREACHABLE_CODE = YES;
				CLANG_WARN__DUPLICATE_METHOD_MATCH = YES;
				CODE_SIGN_IDENTITY = "iPhone Developer";
				COPY_PHASE_STRIP = NO;
				DEBUG_INFORMATION_FORMAT = dwarf;
				ENABLE_STRICT_OBJC_MSGSEND = YES;
				ENABLE_TESTABILITY = YES;
				GCC_C_LANGUAGE_STANDARD = gnu11;
				GCC_DYNAMIC_NO_PIC = NO;
				GCC_NO_COMMON_BLOCKS = YES;
				GCC_OPTIMIZATION_LEVEL = 0;
				GCC_PREPROCESSOR_DEFINITIONS = (
					"DEBUG=1",
					"$(inherited)",
				);
				GCC_WARN_64_TO_32_BIT_CONVERSION = YES;
				GCC_WARN_ABOUT_RETURN_TYPE = YES_ERROR;
				GCC_WARN_UNDECLARED_SELECTOR = YES;
				GCC_WARN_UNINITIALIZED_AUTOS = YES_AGGRESSIVE;
				GCC_WARN_UNUSED_FUNCTION = YES;
				GCC_WARN_UNUSED_VARIABLE = YES;
				IPHONEOS_DEPLOYMENT_TARGET = 11.3;
				MTL_ENABLE_DEBUG_INFO = YES;
				ONLY_ACTIVE_ARCH = YES;
				SDKROOT = iphoneos;
				SWIFT_ACTIVE_COMPILATION_CONDITIONS = DEBUG;
				SWIFT_OPTIMIZATION_LEVEL = "-Onone";
			};
			name = Debug;
		};
		DD48DA3D209708B500D63369 /* Release */ = {
			isa = XCBuildConfiguration;
			buildSettings = {
				ALWAYS_SEARCH_USER_PATHS = NO;
				CLANG_ANALYZER_NONNULL = YES;
				CLANG_ANALYZER_NUMBER_OBJECT_CONVERSION = YES_AGGRESSIVE;
				CLANG_CXX_LANGUAGE_STANDARD = "gnu++14";
				CLANG_CXX_LIBRARY = "libc++";
				CLANG_ENABLE_MODULES = YES;
				CLANG_ENABLE_OBJC_ARC = YES;
				CLANG_ENABLE_OBJC_WEAK = YES;
				CLANG_WARN_BLOCK_CAPTURE_AUTORELEASING = YES;
				CLANG_WARN_BOOL_CONVERSION = YES;
				CLANG_WARN_COMMA = YES;
				CLANG_WARN_CONSTANT_CONVERSION = YES;
				CLANG_WARN_DEPRECATED_OBJC_IMPLEMENTATIONS = YES;
				CLANG_WARN_DIRECT_OBJC_ISA_USAGE = YES_ERROR;
				CLANG_WARN_DOCUMENTATION_COMMENTS = YES;
				CLANG_WARN_EMPTY_BODY = YES;
				CLANG_WARN_ENUM_CONVERSION = YES;
				CLANG_WARN_INFINITE_RECURSION = YES;
				CLANG_WARN_INT_CONVERSION = YES;
				CLANG_WARN_NON_LITERAL_NULL_CONVERSION = YES;
				CLANG_WARN_OBJC_IMPLICIT_RETAIN_SELF = YES;
				CLANG_WARN_OBJC_LITERAL_CONVERSION = YES;
				CLANG_WARN_OBJC_ROOT_CLASS = YES_ERROR;
				CLANG_WARN_RANGE_LOOP_ANALYSIS = YES;
				CLANG_WARN_STRICT_PROTOTYPES = YES;
				CLANG_WARN_SUSPICIOUS_MOVE = YES;
				CLANG_WARN_UNGUARDED_AVAILABILITY = YES_AGGRESSIVE;
				CLANG_WARN_UNREACHABLE_CODE = YES;
				CLANG_WARN__DUPLICATE_METHOD_MATCH = YES;
				CODE_SIGN_IDENTITY = "iPhone Developer";
				COPY_PHASE_STRIP = NO;
				DEBUG_INFORMATION_FORMAT = "dwarf-with-dsym";
				ENABLE_NS_ASSERTIONS = NO;
				ENABLE_STRICT_OBJC_MSGSEND = YES;
				GCC_C_LANGUAGE_STANDARD = gnu11;
				GCC_NO_COMMON_BLOCKS = YES;
				GCC_WARN_64_TO_32_BIT_CONVERSION = YES;
				GCC_WARN_ABOUT_RETURN_TYPE = YES_ERROR;
				GCC_WARN_UNDECLARED_SELECTOR = YES;
				GCC_WARN_UNINITIALIZED_AUTOS = YES_AGGRESSIVE;
				GCC_WARN_UNUSED_FUNCTION = YES;
				GCC_WARN_UNUSED_VARIABLE = YES;
				IPHONEOS_DEPLOYMENT_TARGET = 11.3;
				MTL_ENABLE_DEBUG_INFO = NO;
				SDKROOT = iphoneos;
				SWIFT_COMPILATION_MODE = wholemodule;
				SWIFT_OPTIMIZATION_LEVEL = "-O";
				VALIDATE_PRODUCT = YES;
			};
			name = Release;
		};
		DD48DA3F209708B500D63369 /* Debug */ = {
			isa = XCBuildConfiguration;
			buildSettings = {
				ASSETCATALOG_COMPILER_APPICON_NAME = AppIcon;
				CODE_SIGN_STYLE = Automatic;
				INFOPLIST_FILE = bestsourceofmovies/Info.plist;
				LD_RUNPATH_SEARCH_PATHS = (
					"$(inherited)",
					"@executable_path/Frameworks",
				);
				PRODUCT_BUNDLE_IDENTIFIER = vpyadukhov.bestsourceofmovies;
				PRODUCT_NAME = "$(TARGET_NAME)";
				SWIFT_VERSION = 4.0;
				TARGETED_DEVICE_FAMILY = "1,2";
			};
			name = Debug;
		};
		DD48DA40209708B500D63369 /* Release */ = {
			isa = XCBuildConfiguration;
			buildSettings = {
				ASSETCATALOG_COMPILER_APPICON_NAME = AppIcon;
				CODE_SIGN_STYLE = Automatic;
				INFOPLIST_FILE = bestsourceofmovies/Info.plist;
				LD_RUNPATH_SEARCH_PATHS = (
					"$(inherited)",
					"@executable_path/Frameworks",
				);
				PRODUCT_BUNDLE_IDENTIFIER = vpyadukhov.bestsourceofmovies;
				PRODUCT_NAME = "$(TARGET_NAME)";
				SWIFT_VERSION = 4.0;
				TARGETED_DEVICE_FAMILY = "1,2";
			};
			name = Release;
		};
		DD48DA42209708B500D63369 /* Debug */ = {
			isa = XCBuildConfiguration;
			buildSettings = {
				ALWAYS_EMBED_SWIFT_STANDARD_LIBRARIES = YES;
				BUNDLE_LOADER = "$(TEST_HOST)";
				CODE_SIGN_STYLE = Automatic;
				INFOPLIST_FILE = bestsourceofmoviesTests/Info.plist;
				LD_RUNPATH_SEARCH_PATHS = (
					"$(inherited)",
					"@executable_path/Frameworks",
					"@loader_path/Frameworks",
				);
				PRODUCT_BUNDLE_IDENTIFIER = vpyadukhov.bestsourceofmoviesTests;
				PRODUCT_NAME = "$(TARGET_NAME)";
				SWIFT_VERSION = 4.0;
				TARGETED_DEVICE_FAMILY = "1,2";
				TEST_HOST = "$(BUILT_PRODUCTS_DIR)/bestsourceofmovies.app/bestsourceofmovies";
			};
			name = Debug;
		};
		DD48DA43209708B500D63369 /* Release */ = {
			isa = XCBuildConfiguration;
			buildSettings = {
				ALWAYS_EMBED_SWIFT_STANDARD_LIBRARIES = YES;
				BUNDLE_LOADER = "$(TEST_HOST)";
				CODE_SIGN_STYLE = Automatic;
				INFOPLIST_FILE = bestsourceofmoviesTests/Info.plist;
				LD_RUNPATH_SEARCH_PATHS = (
					"$(inherited)",
					"@executable_path/Frameworks",
					"@loader_path/Frameworks",
				);
				PRODUCT_BUNDLE_IDENTIFIER = vpyadukhov.bestsourceofmoviesTests;
				PRODUCT_NAME = "$(TARGET_NAME)";
				SWIFT_VERSION = 4.0;
				TARGETED_DEVICE_FAMILY = "1,2";
				TEST_HOST = "$(BUILT_PRODUCTS_DIR)/bestsourceofmovies.app/bestsourceofmovies";
			};
			name = Release;
		};
/* End XCBuildConfiguration section */

/* Begin XCConfigurationList section */
		DD48DA19209708B300D63369 /* Build configuration list for PBXProject "bestsourceofmovies" */ = {
			isa = XCConfigurationList;
			buildConfigurations = (
				DD48DA3C209708B500D63369 /* Debug */,
				DD48DA3D209708B500D63369 /* Release */,
			);
			defaultConfigurationIsVisible = 0;
			defaultConfigurationName = Release;
		};
		DD48DA3E209708B500D63369 /* Build configuration list for PBXNativeTarget "bestsourceofmovies" */ = {
			isa = XCConfigurationList;
			buildConfigurations = (
				DD48DA3F209708B500D63369 /* Debug */,
				DD48DA40209708B500D63369 /* Release */,
			);
			defaultConfigurationIsVisible = 0;
			defaultConfigurationName = Release;
		};
		DD48DA41209708B500D63369 /* Build configuration list for PBXNativeTarget "bestsourceofmoviesTests" */ = {
			isa = XCConfigurationList;
			buildConfigurations = (
				DD48DA42209708B500D63369 /* Debug */,
				DD48DA43209708B500D63369 /* Release */,
			);
			defaultConfigurationIsVisible = 0;
			defaultConfigurationName = Release;
		};
/* End XCConfigurationList section */

/* Begin XCVersionGroup section */
		DD48DA28209708B300D63369 /* bestsourceofmovies.xcdatamodeld */ = {
			isa = XCVersionGroup;
			children = (
				DD48DA29209708B300D63369 /* bestsourceofmovies.xcdatamodel */,
			);
			currentVersion = DD48DA29209708B300D63369 /* bestsourceofmovies.xcdatamodel */;
			path = bestsourceofmovies.xcdatamodeld;
			sourceTree = "<group>";
			versionGroupType = wrapper.xcdatamodel;
		};
/* End XCVersionGroup section */
	};
	rootObject = DD48DA16209708B300D63369 /* Project object */;
}
